# THIS IS AN AUTOGENERATED FILE. DO NOT EDIT THIS FILE DIRECTLY.
# yarn lockfile v1


"@discoveryjs/json-ext@^0.5.0":
  version "0.5.3"
  resolved "http://npm-registry.qunhequnhe.com/@discoveryjs/json-ext/download/@discoveryjs/json-ext-0.5.3.tgz#90420f9f9c6d3987f176a19a7d8e764271a2f55d"
  integrity sha1-kEIPn5xtOYfxdqGafY52QnGi9V0=

"@types/eslint-scope@^3.7.0":
  version "3.7.0"
  resolved "http://npm-registry.qunhequnhe.com/@types/eslint-scope/download/@types/eslint-scope-3.7.0.tgz#4792816e31119ebd506902a482caec4951fabd86"
  integrity sha1-R5KBbjERnr1QaQKkgsrsSVH6vYY=
  dependencies:
    "@types/eslint" "*"
    "@types/estree" "*"

"@types/eslint@*":
  version "7.2.13"
  resolved "http://npm-registry.qunhequnhe.com/@types/eslint/download/@types/eslint-7.2.13.tgz#e0ca7219ba5ded402062ad6f926d491ebb29dd53"
  integrity sha1-4MpyGbpd7UAgYq1vkm1JHrsp3VM=
  dependencies:
    "@types/estree" "*"
    "@types/json-schema" "*"

"@types/estree@*":
  version "0.0.48"
  resolved "http://npm-registry.qunhequnhe.com/@types/estree/download/@types/estree-0.0.48.tgz#18dc8091b285df90db2f25aa7d906cfc394b7f74"
  integrity sha1-GNyAkbKF35DbLyWqfZBs/DlLf3Q=

"@types/estree@^0.0.47":
  version "0.0.47"
  resolved "http://npm-registry.qunhequnhe.com/@types/estree/download/@types/estree-0.0.47.tgz#d7a51db20f0650efec24cd04994f523d93172ed4"
  integrity sha1-16Udsg8GUO/sJM0EmU9SPZMXLtQ=

"@types/json-schema@*", "@types/json-schema@^7.0.6":
  version "7.0.7"
  resolved "http://npm-registry.qunhequnhe.com/@types/json-schema/download/@types/json-schema-7.0.7.tgz#98a993516c859eb0d5c4c8f098317a9ea68db9ad"
  integrity sha1-mKmTUWyFnrDVxMjwmDF6nqaNua0=

"@types/node@*":
  version "15.12.4"
  resolved "http://npm-registry.qunhequnhe.com/@types/node/download/@types/node-15.12.4.tgz#e1cf817d70a1e118e81922c4ff6683ce9d422e26"
  integrity sha1-4c+BfXCh4RjoGSLE/2aDzp1CLiY=

"@types/prop-types@*":
  version "15.7.3"
  resolved "http://npm-registry.qunhequnhe.com/@types/prop-types/download/@types/prop-types-15.7.3.tgz#2ab0d5da2e5815f94b0b9d4b95d1e5f243ab2ca7"
  integrity sha1-KrDV2i5YFflLC51LldHl8kOrLKc=

"@types/react@^17.0.11":
  version "17.0.11"
  resolved "http://npm-registry.qunhequnhe.com/@types/react/download/@types/react-17.0.11.tgz#67fcd0ddbf5a0b083a0f94e926c7d63f3b836451"
  integrity sha1-Z/zQ3b9aCwg6D5TpJsfWPzuDZFE=
  dependencies:
    "@types/prop-types" "*"
    "@types/scheduler" "*"
    csstype "^3.0.2"

"@types/scheduler@*":
  version "0.16.1"
  resolved "http://npm-registry.qunhequnhe.com/@types/scheduler/download/@types/scheduler-0.16.1.tgz#18845205e86ff0038517aab7a18a62a6b9f71275"
  integrity sha1-GIRSBehv8AOFF6q3oYpiprn3EnU=

"@webassemblyjs/ast@1.11.0":
  version "1.11.0"
  resolved "http://npm-registry.qunhequnhe.com/@webassemblyjs/ast/download/@webassemblyjs/ast-1.11.0.tgz#a5aa679efdc9e51707a4207139da57920555961f"
  integrity sha1-papnnv3J5RcHpCBxOdpXkgVVlh8=
  dependencies:
    "@webassemblyjs/helper-numbers" "1.11.0"
    "@webassemblyjs/helper-wasm-bytecode" "1.11.0"

"@webassemblyjs/floating-point-hex-parser@1.11.0":
  version "1.11.0"
  resolved "http://npm-registry.qunhequnhe.com/@webassemblyjs/floating-point-hex-parser/download/@webassemblyjs/floating-point-hex-parser-1.11.0.tgz#34d62052f453cd43101d72eab4966a022587947c"
  integrity sha1-NNYgUvRTzUMQHXLqtJZqAiWHlHw=

"@webassemblyjs/helper-api-error@1.11.0":
  version "1.11.0"
  resolved "http://npm-registry.qunhequnhe.com/@webassemblyjs/helper-api-error/download/@webassemblyjs/helper-api-error-1.11.0.tgz#aaea8fb3b923f4aaa9b512ff541b013ffb68d2d4"
  integrity sha1-quqPs7kj9KqptRL/VBsBP/to0tQ=

"@webassemblyjs/helper-buffer@1.11.0":
  version "1.11.0"
  resolved "http://npm-registry.qunhequnhe.com/@webassemblyjs/helper-buffer/download/@webassemblyjs/helper-buffer-1.11.0.tgz#d026c25d175e388a7dbda9694e91e743cbe9b642"
  integrity sha1-0CbCXRdeOIp9valpTpHnQ8vptkI=

"@webassemblyjs/helper-numbers@1.11.0":
  version "1.11.0"
  resolved "http://npm-registry.qunhequnhe.com/@webassemblyjs/helper-numbers/download/@webassemblyjs/helper-numbers-1.11.0.tgz#7ab04172d54e312cc6ea4286d7d9fa27c88cd4f9"
  integrity sha1-erBBctVOMSzG6kKG19n6J8iM1Pk=
  dependencies:
    "@webassemblyjs/floating-point-hex-parser" "1.11.0"
    "@webassemblyjs/helper-api-error" "1.11.0"
    "@xtuc/long" "4.2.2"

"@webassemblyjs/helper-wasm-bytecode@1.11.0":
  version "1.11.0"
  resolved "http://npm-registry.qunhequnhe.com/@webassemblyjs/helper-wasm-bytecode/download/@webassemblyjs/helper-wasm-bytecode-1.11.0.tgz#85fdcda4129902fe86f81abf7e7236953ec5a4e1"
  integrity sha1-hf3NpBKZAv6G+Bq/fnI2lT7FpOE=

"@webassemblyjs/helper-wasm-section@1.11.0":
  version "1.11.0"
  resolved "http://npm-registry.qunhequnhe.com/@webassemblyjs/helper-wasm-section/download/@webassemblyjs/helper-wasm-section-1.11.0.tgz#9ce2cc89300262509c801b4af113d1ca25c1a75b"
  integrity sha1-nOLMiTACYlCcgBtK8RPRyiXBp1s=
  dependencies:
    "@webassemblyjs/ast" "1.11.0"
    "@webassemblyjs/helper-buffer" "1.11.0"
    "@webassemblyjs/helper-wasm-bytecode" "1.11.0"
    "@webassemblyjs/wasm-gen" "1.11.0"

"@webassemblyjs/ieee754@1.11.0":
  version "1.11.0"
  resolved "http://npm-registry.qunhequnhe.com/@webassemblyjs/ieee754/download/@webassemblyjs/ieee754-1.11.0.tgz#46975d583f9828f5d094ac210e219441c4e6f5cf"
  integrity sha1-RpddWD+YKPXQlKwhDiGUQcTm9c8=
  dependencies:
    "@xtuc/ieee754" "^1.2.0"

"@webassemblyjs/leb128@1.11.0":
  version "1.11.0"
  resolved "http://npm-registry.qunhequnhe.com/@webassemblyjs/leb128/download/@webassemblyjs/leb128-1.11.0.tgz#f7353de1df38aa201cba9fb88b43f41f75ff403b"
  integrity sha1-9zU94d84qiAcup+4i0P0H3X/QDs=
  dependencies:
    "@xtuc/long" "4.2.2"

"@webassemblyjs/utf8@1.11.0":
  version "1.11.0"
  resolved "http://npm-registry.qunhequnhe.com/@webassemblyjs/utf8/download/@webassemblyjs/utf8-1.11.0.tgz#86e48f959cf49e0e5091f069a709b862f5a2cadf"
  integrity sha1-huSPlZz0ng5QkfBppwm4YvWiyt8=

"@webassemblyjs/wasm-edit@1.11.0":
  version "1.11.0"
  resolved "http://npm-registry.qunhequnhe.com/@webassemblyjs/wasm-edit/download/@webassemblyjs/wasm-edit-1.11.0.tgz#ee4a5c9f677046a210542ae63897094c2027cb78"
  integrity sha1-7kpcn2dwRqIQVCrmOJcJTCAny3g=
  dependencies:
    "@webassemblyjs/ast" "1.11.0"
    "@webassemblyjs/helper-buffer" "1.11.0"
    "@webassemblyjs/helper-wasm-bytecode" "1.11.0"
    "@webassemblyjs/helper-wasm-section" "1.11.0"
    "@webassemblyjs/wasm-gen" "1.11.0"
    "@webassemblyjs/wasm-opt" "1.11.0"
    "@webassemblyjs/wasm-parser" "1.11.0"
    "@webassemblyjs/wast-printer" "1.11.0"

"@webassemblyjs/wasm-gen@1.11.0":
  version "1.11.0"
  resolved "http://npm-registry.qunhequnhe.com/@webassemblyjs/wasm-gen/download/@webassemblyjs/wasm-gen-1.11.0.tgz#3cdb35e70082d42a35166988dda64f24ceb97abe"
  integrity sha1-PNs15wCC1Co1FmmI3aZPJM65er4=
  dependencies:
    "@webassemblyjs/ast" "1.11.0"
    "@webassemblyjs/helper-wasm-bytecode" "1.11.0"
    "@webassemblyjs/ieee754" "1.11.0"
    "@webassemblyjs/leb128" "1.11.0"
    "@webassemblyjs/utf8" "1.11.0"

"@webassemblyjs/wasm-opt@1.11.0":
  version "1.11.0"
  resolved "http://npm-registry.qunhequnhe.com/@webassemblyjs/wasm-opt/download/@webassemblyjs/wasm-opt-1.11.0.tgz#1638ae188137f4bb031f568a413cd24d32f92978"
  integrity sha1-FjiuGIE39LsDH1aKQTzSTTL5KXg=
  dependencies:
    "@webassemblyjs/ast" "1.11.0"
    "@webassemblyjs/helper-buffer" "1.11.0"
    "@webassemblyjs/wasm-gen" "1.11.0"
    "@webassemblyjs/wasm-parser" "1.11.0"

"@webassemblyjs/wasm-parser@1.11.0":
  version "1.11.0"
  resolved "http://npm-registry.qunhequnhe.com/@webassemblyjs/wasm-parser/download/@webassemblyjs/wasm-parser-1.11.0.tgz#3e680b8830d5b13d1ec86cc42f38f3d4a7700754"
  integrity sha1-PmgLiDDVsT0eyGzELzjz1KdwB1Q=
  dependencies:
    "@webassemblyjs/ast" "1.11.0"
    "@webassemblyjs/helper-api-error" "1.11.0"
    "@webassemblyjs/helper-wasm-bytecode" "1.11.0"
    "@webassemblyjs/ieee754" "1.11.0"
    "@webassemblyjs/leb128" "1.11.0"
    "@webassemblyjs/utf8" "1.11.0"

"@webassemblyjs/wast-printer@1.11.0":
  version "1.11.0"
  resolved "http://npm-registry.qunhequnhe.com/@webassemblyjs/wast-printer/download/@webassemblyjs/wast-printer-1.11.0.tgz#680d1f6a5365d6d401974a8e949e05474e1fab7e"
  integrity sha1-aA0falNl1tQBl0qOlJ4FR04fq34=
  dependencies:
    "@webassemblyjs/ast" "1.11.0"
    "@xtuc/long" "4.2.2"

"@webpack-cli/configtest@^1.0.4":
  version "1.0.4"
  resolved "http://npm-registry.qunhequnhe.com/@webpack-cli/configtest/download/@webpack-cli/configtest-1.0.4.tgz#f03ce6311c0883a83d04569e2c03c6238316d2aa"
  integrity sha1-8DzmMRwIg6g9BFaeLAPGI4MW0qo=

"@webpack-cli/info@^1.3.0":
  version "1.3.0"
  resolved "http://npm-registry.qunhequnhe.com/@webpack-cli/info/download/@webpack-cli/info-1.3.0.tgz#9d78a31101a960997a4acd41ffd9b9300627fe2b"
  integrity sha1-nXijEQGpYJl6Ss1B/9m5MAYn/is=
  dependencies:
    envinfo "^7.7.3"

"@webpack-cli/serve@^1.5.1":
  version "1.5.1"
  resolved "http://npm-registry.qunhequnhe.com/@webpack-cli/serve/download/@webpack-cli/serve-1.5.1.tgz#b5fde2f0f79c1e120307c415a4c1d5eb15a6f278"
  integrity sha1-tf3i8PecHhIDB8QVpMHV6xWm8ng=

"@xtuc/ieee754@^1.2.0":
  version "1.2.0"
  resolved "http://npm-registry.qunhequnhe.com/@xtuc/ieee754/download/@xtuc/ieee754-1.2.0.tgz#eef014a3145ae477a1cbc00cd1e552336dceb790"
  integrity sha1-7vAUoxRa5Hehy8AM0eVSM23Ot5A=

"@xtuc/long@4.2.2":
  version "4.2.2"
  resolved "http://npm-registry.qunhequnhe.com/@xtuc/long/download/@xtuc/long-4.2.2.tgz#d291c6a4e97989b5c61d9acf396ae4fe133a718d"
  integrity sha1-0pHGpOl5ibXGHZrPOWrk/hM6cY0=

acorn@^8.2.1:
  version "8.4.0"
  resolved "http://npm-registry.qunhequnhe.com/acorn/download/acorn-8.4.0.tgz#af53266e698d7cffa416714b503066a82221be60"
  integrity sha1-r1MmbmmNfP+kFnFLUDBmqCIhvmA=

ajv-keywords@^3.5.2:
  version "3.5.2"
  resolved "http://npm-registry.qunhequnhe.com/ajv-keywords/download/ajv-keywords-3.5.2.tgz#31f29da5ab6e00d1c2d329acf7b5929614d5014d"
  integrity sha1-MfKdpatuANHC0yms97WSlhTVAU0=

ajv@^6.12.5:
  version "6.12.6"
  resolved "http://npm-registry.qunhequnhe.com/ajv/download/ajv-6.12.6.tgz#baf5a62e802b07d977034586f8c3baf5adf26df4"
  integrity sha1-uvWmLoArB9l3A0WG+MO69a3ybfQ=
  dependencies:
    fast-deep-equal "^3.1.1"
    fast-json-stable-stringify "^2.0.0"
    json-schema-traverse "^0.4.1"
    uri-js "^4.2.2"

ansi-styles@^4.1.0:
  version "4.3.0"
  resolved "http://npm-registry.qunhequnhe.com/ansi-styles/download/ansi-styles-4.3.0.tgz#edd803628ae71c04c85ae7a0906edad34b648937"
  integrity sha1-7dgDYornHATIWuegkG7a00tkiTc=
  dependencies:
    color-convert "^2.0.1"

braces@^3.0.1:
  version "3.0.2"
  resolved "http://npm-registry.qunhequnhe.com/braces/download/braces-3.0.2.tgz#3454e1a462ee8d599e236df336cd9ea4f8afe107"
  integrity sha1-NFThpGLujVmeI23zNs2epPiv4Qc=
  dependencies:
    fill-range "^7.0.1"

browserslist@^4.14.5:
  version "4.16.6"
  resolved "http://npm-registry.qunhequnhe.com/browserslist/download/browserslist-4.16.6.tgz#d7901277a5a88e554ed305b183ec9b0c08f66fa2"
  integrity sha1-15ASd6WojlVO0wWxg+ybDAj2b6I=
  dependencies:
    caniuse-lite "^1.0.30001219"
    colorette "^1.2.2"
    electron-to-chromium "^1.3.723"
    escalade "^3.1.1"
    node-releases "^1.1.71"

buffer-from@^1.0.0:
  version "1.1.1"
  resolved "http://npm-registry.qunhequnhe.com/buffer-from/download/buffer-from-1.1.1.tgz#32713bc028f75c02fdb710d7c7bcec1f2c6070ef"
  integrity sha1-MnE7wCj3XAL9txDXx7zsHyxgcO8=

caniuse-lite@^1.0.30001219:
  version "1.0.30001239"
  resolved "http://npm-registry.qunhequnhe.com/caniuse-lite/download/caniuse-lite-1.0.30001239.tgz#66e8669985bb2cb84ccb10f68c25ce6dd3e4d2b8"
  integrity sha1-ZuhmmYW7LLhMyxD2jCXObdPk0rg=

chalk@^4.1.0:
  version "4.1.1"
  resolved "http://npm-registry.qunhequnhe.com/chalk/download/chalk-4.1.1.tgz#c80b3fab28bf6371e6863325eee67e618b77e6ad"
  integrity sha1-yAs/qyi/Y3HmhjMl7uZ+YYt35q0=
  dependencies:
    ansi-styles "^4.1.0"
    supports-color "^7.1.0"

chrome-trace-event@^1.0.2:
  version "1.0.3"
  resolved "http://npm-registry.qunhequnhe.com/chrome-trace-event/download/chrome-trace-event-1.0.3.tgz#1015eced4741e15d06664a957dbbf50d041e26ac"
  integrity sha1-EBXs7UdB4V0GZkqVfbv1DQQeJqw=

clone-deep@^4.0.1:
  version "4.0.1"
  resolved "http://npm-registry.qunhequnhe.com/clone-deep/download/clone-deep-4.0.1.tgz#c19fd9bdbbf85942b4fd979c84dcf7d5f07c2387"
  integrity sha1-wZ/Zvbv4WUK0/ZechNz31fB8I4c=
  dependencies:
    is-plain-object "^2.0.4"
    kind-of "^6.0.2"
    shallow-clone "^3.0.0"

color-convert@^2.0.1:
  version "2.0.1"
  resolved "http://npm-registry.qunhequnhe.com/color-convert/download/color-convert-2.0.1.tgz#72d3a68d598c9bdb3af2ad1e84f21d896abd4de3"
  integrity sha1-ctOmjVmMm9s68q0ehPIdiWq9TeM=
  dependencies:
    color-name "~1.1.4"

color-name@~1.1.4:
  version "1.1.4"
  resolved "http://npm-registry.qunhequnhe.com/color-name/download/color-name-1.1.4.tgz#c2a09a87acbde69543de6f63fa3995c826c536a2"
  integrity sha1-wqCah6y95pVD3m9j+jmVyCbFNqI=

colorette@^1.2.1, colorette@^1.2.2:
  version "1.2.2"
  resolved "http://npm-registry.qunhequnhe.com/colorette/download/colorette-1.2.2.tgz#cbcc79d5e99caea2dbf10eb3a26fd8b3e6acfa94"
  integrity sha1-y8x51emcrqLb8Q6zom/Ys+as+pQ=

commander@^2.20.0:
  version "2.20.3"
  resolved "http://npm-registry.qunhequnhe.com/commander/download/commander-2.20.3.tgz#fd485e84c03eb4881c20722ba48035e8531aeb33"
  integrity sha1-/UhehMA+tIgcIHIrpIA16FMa6zM=

commander@^7.0.0:
  version "7.2.0"
  resolved "http://npm-registry.qunhequnhe.com/commander/download/commander-7.2.0.tgz#a36cb57d0b501ce108e4d20559a150a391d97ab7"
  integrity sha1-o2y1fQtQHOEI5NIFWaFQo5HZerc=

cross-spawn@^7.0.3:
  version "7.0.3"
  resolved "http://npm-registry.qunhequnhe.com/cross-spawn/download/cross-spawn-7.0.3.tgz#f73a85b9d5d41d045551c177e2882d4ac85728a6"
  integrity sha1-9zqFudXUHQRVUcF34ogtSshXKKY=
  dependencies:
    path-key "^3.1.0"
    shebang-command "^2.0.0"
    which "^2.0.1"

csstype@^3.0.2:
  version "3.0.8"
  resolved "http://npm-registry.qunhequnhe.com/csstype/download/csstype-3.0.8.tgz#d2266a792729fb227cd216fb572f43728e1ad340"
  integrity sha1-0iZqeScp+yJ80hb7Vy9Dco4a00A=

electron-to-chromium@^1.3.723:
  version "1.3.755"
  resolved "http://npm-registry.qunhequnhe.com/electron-to-chromium/download/electron-to-chromium-1.3.755.tgz#4b6101f13de910cf3f0a1789ddc57328133b9332"
  integrity sha1-S2EB8T3pEM8/CheJ3cVzKBM7kzI=

enhanced-resolve@^5.0.0, enhanced-resolve@^5.8.0:
  version "5.8.2"
  resolved "http://npm-registry.qunhequnhe.com/enhanced-resolve/download/enhanced-resolve-5.8.2.tgz#15ddc779345cbb73e97c611cd00c01c1e7bf4d8b"
  integrity sha1-Fd3HeTRcu3PpfGEc0AwBwee/TYs=
  dependencies:
    graceful-fs "^4.2.4"
    tapable "^2.2.0"

envinfo@^7.7.3:
  version "7.8.1"
  resolved "http://npm-registry.qunhequnhe.com/envinfo/download/envinfo-7.8.1.tgz#06377e3e5f4d379fea7ac592d5ad8927e0c4d475"
  integrity sha1-Bjd+Pl9NN5/qesWS1a2JJ+DE1HU=

es-module-lexer@^0.6.0:
  version "0.6.0"
  resolved "http://npm-registry.qunhequnhe.com/es-module-lexer/download/es-module-lexer-0.6.0.tgz#e72ab05b7412e62b9be37c37a09bdb6000d706f0"
  integrity sha1-5yqwW3QS5iub43w3oJvbYADXBvA=

escalade@^3.1.1:
  version "3.1.1"
  resolved "http://npm-registry.qunhequnhe.com/escalade/download/escalade-3.1.1.tgz#d8cfdc7000965c5a0174b4a82eaa5c0552742e40"
  integrity sha1-2M/ccACWXFoBdLSoLqpcBVJ0LkA=

eslint-scope@5.1.1:
  version "5.1.1"
  resolved "http://npm-registry.qunhequnhe.com/eslint-scope/download/eslint-scope-5.1.1.tgz#e786e59a66cb92b3f6c1fb0d508aab174848f48c"
  integrity sha1-54blmmbLkrP2wfsNUIqrF0hI9Iw=
  dependencies:
    esrecurse "^4.3.0"
    estraverse "^4.1.1"

esrecurse@^4.3.0:
  version "4.3.0"
  resolved "http://npm-registry.qunhequnhe.com/esrecurse/download/esrecurse-4.3.0.tgz#7ad7964d679abb28bee72cec63758b1c5d2c9921"
  integrity sha1-eteWTWeauyi+5yzsY3WLHF0smSE=
  dependencies:
    estraverse "^5.2.0"

estraverse@^4.1.1:
  version "4.3.0"
  resolved "http://npm-registry.qunhequnhe.com/estraverse/download/estraverse-4.3.0.tgz#398ad3f3c5a24948be7725e83d11a7de28cdbd1d"
  integrity sha1-OYrT88WiSUi+dyXoPRGn3ijNvR0=

estraverse@^5.2.0:
  version "5.2.0"
  resolved "http://npm-registry.qunhequnhe.com/estraverse/download/estraverse-5.2.0.tgz#307df42547e6cc7324d3cf03c155d5cdb8c53880"
  integrity sha1-MH30JUfmzHMk088DwVXVzbjFOIA=

events@^3.2.0:
  version "3.3.0"
  resolved "http://npm-registry.qunhequnhe.com/events/download/events-3.3.0.tgz#31a95ad0a924e2d2c419a813aeb2c4e878ea7400"
  integrity sha1-Mala0Kkk4tLEGagTrrLE6HjqdAA=

execa@^5.0.0:
  version "5.1.1"
  resolved "http://npm-registry.qunhequnhe.com/execa/download/execa-5.1.1.tgz#f80ad9cbf4298f7bd1d4c9555c21e93741c411dd"
  integrity sha1-+ArZy/Qpj3vR1MlVXCHpN0HEEd0=
  dependencies:
    cross-spawn "^7.0.3"
    get-stream "^6.0.0"
    human-signals "^2.1.0"
    is-stream "^2.0.0"
    merge-stream "^2.0.0"
    npm-run-path "^4.0.1"
    onetime "^5.1.2"
    signal-exit "^3.0.3"
    strip-final-newline "^2.0.0"

fast-deep-equal@^3.1.1:
  version "3.1.3"
  resolved "http://npm-registry.qunhequnhe.com/fast-deep-equal/download/fast-deep-equal-3.1.3.tgz#3a7d56b559d6cbc3eb512325244e619a65c6c525"
  integrity sha1-On1WtVnWy8PrUSMlJE5hmmXGxSU=

fast-json-stable-stringify@^2.0.0:
  version "2.1.0"
  resolved "http://npm-registry.qunhequnhe.com/fast-json-stable-stringify/download/fast-json-stable-stringify-2.1.0.tgz#874bf69c6f404c2b5d99c481341399fd55892633"
  integrity sha1-h0v2nG9ATCtdmcSBNBOZ/VWJJjM=

fastest-levenshtein@^1.0.12:
  version "1.0.12"
  resolved "http://npm-registry.qunhequnhe.com/fastest-levenshtein/download/fastest-levenshtein-1.0.12.tgz#9990f7d3a88cc5a9ffd1f1745745251700d497e2"
  integrity sha1-mZD306iMxan/0fF0V0UlFwDUl+I=

fill-range@^7.0.1:
  version "7.0.1"
  resolved "http://npm-registry.qunhequnhe.com/fill-range/download/fill-range-7.0.1.tgz#1919a6a7c75fe38b2c7c77e5198535da9acdda40"
  integrity sha1-GRmmp8df44ssfHflGYU12prN2kA=
  dependencies:
    to-regex-range "^5.0.1"

find-up@^4.0.0:
  version "4.1.0"
  resolved "http://npm-registry.qunhequnhe.com/find-up/download/find-up-4.1.0.tgz#97afe7d6cdc0bc5928584b7c8d7b16e8a9aa5d19"
  integrity sha1-l6/n1s3AvFkoWEt8jXsW6KmqXRk=
  dependencies:
    locate-path "^5.0.0"
    path-exists "^4.0.0"

function-bind@^1.1.1:
  version "1.1.1"
  resolved "http://npm-registry.qunhequnhe.com/function-bind/download/function-bind-1.1.1.tgz#a56899d3ea3c9bab874bb9773b7c5ede92f4895d"
  integrity sha1-pWiZ0+o8m6uHS7l3O3xe3pL0iV0=

get-stream@^6.0.0:
  version "6.0.1"
  resolved "http://npm-registry.qunhequnhe.com/get-stream/download/get-stream-6.0.1.tgz#a262d8eef67aced57c2852ad6167526a43cbf7b7"
  integrity sha1-omLY7vZ6ztV8KFKtYWdSakPL97c=

glob-to-regexp@^0.4.1:
  version "0.4.1"
  resolved "http://npm-registry.qunhequnhe.com/glob-to-regexp/download/glob-to-regexp-0.4.1.tgz#c75297087c851b9a578bd217dd59a92f59fe546e"
  integrity sha1-x1KXCHyFG5pXi9IX3VmpL1n+VG4=

graceful-fs@^4.1.2, graceful-fs@^4.2.4:
  version "4.2.6"
  resolved "http://npm-registry.qunhequnhe.com/graceful-fs/download/graceful-fs-4.2.6.tgz#ff040b2b0853b23c3d31027523706f1885d76bee"
  integrity sha1-/wQLKwhTsjw9MQJ1I3BvGIXXa+4=

has-flag@^4.0.0:
  version "4.0.0"
  resolved "http://npm-registry.qunhequnhe.com/has-flag/download/has-flag-4.0.0.tgz#944771fd9c81c81265c4d6941860da06bb59479b"
  integrity sha1-lEdx/ZyByBJlxNaUGGDaBrtZR5s=

has@^1.0.3:
  version "1.0.3"
  resolved "http://npm-registry.qunhequnhe.com/has/download/has-1.0.3.tgz#722d7cbfc1f6aa8241f16dd814e011e1f41e8796"
  integrity sha1-ci18v8H2qoJB8W3YFOAR4fQeh5Y=
  dependencies:
    function-bind "^1.1.1"

human-signals@^2.1.0:
  version "2.1.0"
  resolved "http://npm-registry.qunhequnhe.com/human-signals/download/human-signals-2.1.0.tgz#dc91fcba42e4d06e4abaed33b3e7a3c02f514ea0"
  integrity sha1-3JH8ukLk0G5Kuu0zs+ejwC9RTqA=

import-local@^3.0.2:
  version "3.0.2"
  resolved "http://npm-registry.qunhequnhe.com/import-local/download/import-local-3.0.2.tgz#a8cfd0431d1de4a2199703d003e3e62364fa6db6"
  integrity sha1-qM/QQx0d5KIZlwPQA+PmI2T6bbY=
  dependencies:
    pkg-dir "^4.2.0"
    resolve-cwd "^3.0.0"

inherits@2.0.3:
  version "2.0.3"
  resolved "http://npm-registry.qunhequnhe.com/inherits/download/inherits-2.0.3.tgz#633c2c83e3da42a502f52466022480f4208261de"
  integrity sha1-Yzwsg+PaQqUC9SRmAiSA9CCCYd4=

interpret@^2.2.0:
  version "2.2.0"
  resolved "http://npm-registry.qunhequnhe.com/interpret/download/interpret-2.2.0.tgz#1a78a0b5965c40a5416d007ad6f50ad27c417df9"
  integrity sha1-GnigtZZcQKVBbQB61vUK0nxBffk=

is-core-module@^2.2.0:
  version "2.4.0"
  resolved "http://npm-registry.qunhequnhe.com/is-core-module/download/is-core-module-2.4.0.tgz#8e9fc8e15027b011418026e98f0e6f4d86305cc1"
  integrity sha1-jp/I4VAnsBFBgCbpjw5vTYYwXME=
  dependencies:
    has "^1.0.3"

is-number@^7.0.0:
  version "7.0.0"
  resolved "http://npm-registry.qunhequnhe.com/is-number/download/is-number-7.0.0.tgz#7535345b896734d5f80c4d06c50955527a14f12b"
  integrity sha1-dTU0W4lnNNX4DE0GxQlVUnoU8Ss=

is-plain-object@^2.0.4:
  version "2.0.4"
  resolved "http://npm-registry.qunhequnhe.com/is-plain-object/download/is-plain-object-2.0.4.tgz#2c163b3fafb1b606d9d17928f05c2a1c38e07677"
  integrity sha1-LBY7P6+xtgbZ0Xko8FwqHDjgdnc=
  dependencies:
    isobject "^3.0.1"

is-stream@^2.0.0:
  version "2.0.0"
  resolved "http://npm-registry.qunhequnhe.com/is-stream/download/is-stream-2.0.0.tgz#bde9c32680d6fae04129d6ac9d921ce7815f78e3"
  integrity sha1-venDJoDW+uBBKdasnZIc54FfeOM=

isexe@^2.0.0:
  version "2.0.0"
  resolved "http://npm-registry.qunhequnhe.com/isexe/download/isexe-2.0.0.tgz#e8fbf374dc556ff8947a10dcb0572d633f2cfa10"
  integrity sha1-6PvzdNxVb/iUehDcsFctYz8s+hA=

isobject@^3.0.1:
  version "3.0.1"
  resolved "http://npm-registry.qunhequnhe.com/isobject/download/isobject-3.0.1.tgz#4e431e92b11a9731636aa1f9c8d1ccbcfdab78df"
  integrity sha1-TkMekrEalzFjaqH5yNHMvP2reN8=

jest-worker@^27.0.2:
  version "27.0.2"
  resolved "http://npm-registry.qunhequnhe.com/jest-worker/download/jest-worker-27.0.2.tgz#4ebeb56cef48b3e7514552f80d0d80c0129f0b05"
  integrity sha1-Tr61bO9Is+dRRVL4DQ2AwBKfCwU=
  dependencies:
    "@types/node" "*"
    merge-stream "^2.0.0"
    supports-color "^8.0.0"

json-parse-better-errors@^1.0.2:
  version "1.0.2"
  resolved "http://npm-registry.qunhequnhe.com/json-parse-better-errors/download/json-parse-better-errors-1.0.2.tgz#bb867cfb3450e69107c131d1c514bab3dc8bcaa9"
  integrity sha1-u4Z8+zRQ5pEHwTHRxRS6s9yLyqk=

json-schema-traverse@^0.4.1:
  version "0.4.1"
  resolved "http://npm-registry.qunhequnhe.com/json-schema-traverse/download/json-schema-traverse-0.4.1.tgz#69f6a87d9513ab8bb8fe63bdb0979c448e684660"
  integrity sha1-afaofZUTq4u4/mO9sJecRI5oRmA=

kind-of@^6.0.2:
  version "6.0.3"
  resolved "http://npm-registry.qunhequnhe.com/kind-of/download/kind-of-6.0.3.tgz#07c05034a6c349fa06e24fa35aa76db4580ce4dd"
  integrity sha1-B8BQNKbDSfoG4k+jWqdttFgM5N0=

loader-runner@^4.2.0:
  version "4.2.0"
  resolved "http://npm-registry.qunhequnhe.com/loader-runner/download/loader-runner-4.2.0.tgz#d7022380d66d14c5fb1d496b89864ebcfd478384"
  integrity sha1-1wIjgNZtFMX7HUlriYZOvP1Hg4Q=

locate-path@^5.0.0:
  version "5.0.0"
  resolved "http://npm-registry.qunhequnhe.com/locate-path/download/locate-path-5.0.0.tgz#1afba396afd676a6d42504d0a67a3a7eb9f62aa0"
  integrity sha1-Gvujlq/WdqbUJQTQpno6frn2KqA=
  dependencies:
    p-locate "^4.1.0"

lru-cache@^6.0.0:
  version "6.0.0"
  resolved "http://npm-registry.qunhequnhe.com/lru-cache/download/lru-cache-6.0.0.tgz#6d6fe6570ebd96aaf90fcad1dafa3b2566db3a94"
  integrity sha1-bW/mVw69lqr5D8rR2vo7JWbbOpQ=
  dependencies:
    yallist "^4.0.0"

merge-stream@^2.0.0:
  version "2.0.0"
  resolved "http://npm-registry.qunhequnhe.com/merge-stream/download/merge-stream-2.0.0.tgz#52823629a14dd00c9770fb6ad47dc6310f2c1f60"
  integrity sha1-UoI2KaFN0AyXcPtq1H3GMQ8sH2A=

micromatch@^4.0.0:
  version "4.0.4"
  resolved "http://npm-registry.qunhequnhe.com/micromatch/download/micromatch-4.0.4.tgz#896d519dfe9db25fce94ceb7a500919bf881ebf9"
  integrity sha1-iW1Rnf6dsl/OlM63pQCRm/iB6/k=
  dependencies:
    braces "^3.0.1"
    picomatch "^2.2.3"

mime-db@1.48.0:
  version "1.48.0"
  resolved "http://npm-registry.qunhequnhe.com/mime-db/download/mime-db-1.48.0.tgz#e35b31045dd7eada3aaad537ed88a33afbef2d1d"
  integrity sha1-41sxBF3X6to6qtU37YijOvvvLR0=

mime-types@^2.1.27:
  version "2.1.31"
  resolved "http://npm-registry.qunhequnhe.com/mime-types/download/mime-types-2.1.31.tgz#a00d76b74317c61f9c2db2218b8e9f8e9c5c9e6b"
  integrity sha1-oA12t0MXxh+cLbIhi46fjpxcnms=
  dependencies:
    mime-db "1.48.0"

mimic-fn@^2.1.0:
  version "2.1.0"
  resolved "http://npm-registry.qunhequnhe.com/mimic-fn/download/mimic-fn-2.1.0.tgz#7ed2c2ccccaf84d3ffcb7a69b57711fc2083401b"
  integrity sha1-ftLCzMyvhNP/y3pptXcR/CCDQBs=

neo-async@^2.6.2:
  version "2.6.2"
  resolved "http://npm-registry.qunhequnhe.com/neo-async/download/neo-async-2.6.2.tgz#b4aafb93e3aeb2d8174ca53cf163ab7d7308305f"
  integrity sha1-tKr7k+OustgXTKU88WOrfXMIMF8=

node-releases@^1.1.71:
  version "1.1.73"
  resolved "http://npm-registry.qunhequnhe.com/node-releases/download/node-releases-1.1.73.tgz#dd4e81ddd5277ff846b80b52bb40c49edf7a7b20"
  integrity sha1-3U6B3dUnf/hGuAtSu0DEnt96eyA=

npm-run-path@^4.0.1:
  version "4.0.1"
  resolved "http://npm-registry.qunhequnhe.com/npm-run-path/download/npm-run-path-4.0.1.tgz#b7ecd1e5ed53da8e37a55e1c2269e0b97ed748ea"
  integrity sha1-t+zR5e1T2o43pV4cImnguX7XSOo=
  dependencies:
    path-key "^3.0.0"

onetime@^5.1.2:
  version "5.1.2"
  resolved "http://npm-registry.qunhequnhe.com/onetime/download/onetime-5.1.2.tgz#d0e96ebb56b07476df1dd9c4806e5237985ca45e"
  integrity sha1-0Oluu1awdHbfHdnEgG5SN5hcpF4=
  dependencies:
    mimic-fn "^2.1.0"

p-limit@^2.2.0:
  version "2.3.0"
  resolved "http://npm-registry.qunhequnhe.com/p-limit/download/p-limit-2.3.0.tgz#3dd33c647a214fdfffd835933eb086da0dc21db1"
  integrity sha1-PdM8ZHohT9//2DWTPrCG2g3CHbE=
  dependencies:
    p-try "^2.0.0"

p-limit@^3.1.0:
  version "3.1.0"
  resolved "http://npm-registry.qunhequnhe.com/p-limit/download/p-limit-3.1.0.tgz#e1daccbe78d0d1388ca18c64fea38e3e57e3706b"
  integrity sha1-4drMvnjQ0TiMoYxk/qOOPlfjcGs=
  dependencies:
    yocto-queue "^0.1.0"

p-locate@^4.1.0:
  version "4.1.0"
  resolved "http://npm-registry.qunhequnhe.com/p-locate/download/p-locate-4.1.0.tgz#a3428bb7088b3a60292f66919278b7c297ad4f07"
  integrity sha1-o0KLtwiLOmApL2aRkni3wpetTwc=
  dependencies:
    p-limit "^2.2.0"

p-try@^2.0.0:
  version "2.2.0"
  resolved "http://npm-registry.qunhequnhe.com/p-try/download/p-try-2.2.0.tgz#cb2868540e313d61de58fafbe35ce9004d5540e6"
  integrity sha1-yyhoVA4xPWHeWPr741zpAE1VQOY=

path-exists@^4.0.0:
  version "4.0.0"
  resolved "http://npm-registry.qunhequnhe.com/path-exists/download/path-exists-4.0.0.tgz#513bdbe2d3b95d7762e8c1137efa195c6c61b5b3"
  integrity sha1-UTvb4tO5XXdi6METfvoZXGxhtbM=

path-key@^3.0.0, path-key@^3.1.0:
  version "3.1.1"
  resolved "http://npm-registry.qunhequnhe.com/path-key/download/path-key-3.1.1.tgz#581f6ade658cbba65a0d3380de7753295054f375"
  integrity sha1-WB9q3mWMu6ZaDTOA3ndTKVBU83U=

path-parse@^1.0.6:
  version "1.0.7"
  resolved "http://npm-registry.qunhequnhe.com/path-parse/download/path-parse-1.0.7.tgz#fbc114b60ca42b30d9daf5858e4bd68bbedb6735"
  integrity sha1-+8EUtgykKzDZ2vWFjkvWi77bZzU=

path@^0.12.7:
  version "0.12.7"
  resolved "http://npm-registry.qunhequnhe.com/path/download/path-0.12.7.tgz#d4dc2a506c4ce2197eb481ebfcd5b36c0140b10f"
  integrity sha1-1NwqUGxM4hl+tIHr/NWzbAFAsQ8=
  dependencies:
    process "^0.11.1"
    util "^0.10.3"

picomatch@^2.2.3:
  version "2.3.0"
  resolved "http://npm-registry.qunhequnhe.com/picomatch/download/picomatch-2.3.0.tgz#f1f061de8f6a4bf022892e2d128234fb98302972"
  integrity sha1-8fBh3o9qS/AiiS4tEoI0+5gwKXI=

pkg-dir@^4.2.0:
  version "4.2.0"
  resolved "http://npm-registry.qunhequnhe.com/pkg-dir/download/pkg-dir-4.2.0.tgz#f099133df7ede422e81d1d8448270eeb3e4261f3"
  integrity sha1-8JkTPfft5CLoHR2ESCcO6z5CYfM=
  dependencies:
    find-up "^4.0.0"

process@^0.11.1:
  version "0.11.10"
  resolved "http://npm-registry.qunhequnhe.com/process/download/process-0.11.10.tgz#7332300e840161bda3e69a1d1d91a7d4bc16f182"
  integrity sha1-czIwDoQBYb2j5podHZGn1LwW8YI=

punycode@^2.1.0:
  version "2.1.1"
  resolved "http://npm-registry.qunhequnhe.com/punycode/download/punycode-2.1.1.tgz#b58b010ac40c22c5657616c8d2c2c02c7bf479ec"
  integrity sha1-tYsBCsQMIsVldhbI0sLALHv0eew=

randombytes@^2.1.0:
  version "2.1.0"
  resolved "http://npm-registry.qunhequnhe.com/randombytes/download/randombytes-2.1.0.tgz#df6f84372f0270dc65cdf6291349ab7a473d4f2a"
  integrity sha1-32+ENy8CcNxlzfYpE0mrekc9Tyo=
  dependencies:
    safe-buffer "^5.1.0"

rechoir@^0.7.0:
  version "0.7.0"
  resolved "http://npm-registry.qunhequnhe.com/rechoir/download/rechoir-0.7.0.tgz#32650fd52c21ab252aa5d65b19310441c7e03aca"
  integrity sha1-MmUP1SwhqyUqpdZbGTEEQcfgOso=
  dependencies:
    resolve "^1.9.0"

resolve-cwd@^3.0.0:
  version "3.0.0"
  resolved "http://npm-registry.qunhequnhe.com/resolve-cwd/download/resolve-cwd-3.0.0.tgz#0f0075f1bb2544766cf73ba6a6e2adfebcb13f2d"
  integrity sha1-DwB18bslRHZs9zumpuKt/ryxPy0=
  dependencies:
    resolve-from "^5.0.0"

resolve-from@^5.0.0:
  version "5.0.0"
  resolved "http://npm-registry.qunhequnhe.com/resolve-from/download/resolve-from-5.0.0.tgz#c35225843df8f776df21c57557bc087e9dfdfc69"
  integrity sha1-w1IlhD3493bfIcV1V7wIfp39/Gk=

resolve@^1.9.0:
  version "1.20.0"
  resolved "http://npm-registry.qunhequnhe.com/resolve/download/resolve-1.20.0.tgz#629a013fb3f70755d6f0b7935cc1c2c5378b1975"
  integrity sha1-YpoBP7P3B1XW8LeTXMHCxTeLGXU=
  dependencies:
    is-core-module "^2.2.0"
    path-parse "^1.0.6"

safe-buffer@^5.1.0:
  version "5.2.1"
  resolved "http://npm-registry.qunhequnhe.com/safe-buffer/download/safe-buffer-5.2.1.tgz#1eaf9fa9bdb1fdd4ec75f58f9cdb4e6b7827eec6"
  integrity sha1-Hq+fqb2x/dTsdfWPnNtOa3gn7sY=

schema-utils@^3.0.0:
  version "3.0.0"
  resolved "http://npm-registry.qunhequnhe.com/schema-utils/download/schema-utils-3.0.0.tgz#67502f6aa2b66a2d4032b4279a2944978a0913ef"
  integrity sha1-Z1AvaqK2ai1AMrQnmilEl4oJE+8=
  dependencies:
    "@types/json-schema" "^7.0.6"
    ajv "^6.12.5"
    ajv-keywords "^3.5.2"

semver@^7.3.4:
  version "7.3.5"
  resolved "http://npm-registry.qunhequnhe.com/semver/download/semver-7.3.5.tgz#0b621c879348d8998e4b0e4be94b3f12e6018ef7"
  integrity sha1-C2Ich5NI2JmOSw5L6Us/EuYBjvc=
  dependencies:
    lru-cache "^6.0.0"

serialize-javascript@^5.0.1:
  version "5.0.1"
  resolved "http://npm-registry.qunhequnhe.com/serialize-javascript/download/serialize-javascript-5.0.1.tgz#7886ec848049a462467a97d3d918ebb2aaf934f4"
  integrity sha1-eIbshIBJpGJGepfT2Rjrsqr5NPQ=
  dependencies:
    randombytes "^2.1.0"

shallow-clone@^3.0.0:
  version "3.0.1"
  resolved "http://npm-registry.qunhequnhe.com/shallow-clone/download/shallow-clone-3.0.1.tgz#8f2981ad92531f55035b01fb230769a40e02efa3"
  integrity sha1-jymBrZJTH1UDWwH7IwdppA4C76M=
  dependencies:
    kind-of "^6.0.2"

shebang-command@^2.0.0:
  version "2.0.0"
  resolved "http://npm-registry.qunhequnhe.com/shebang-command/download/shebang-command-2.0.0.tgz#ccd0af4f8835fbdc265b82461aaf0c36663f34ea"
  integrity sha1-zNCvT4g1+9wmW4JGGq8MNmY/NOo=
  dependencies:
    shebang-regex "^3.0.0"

shebang-regex@^3.0.0:
  version "3.0.0"
  resolved "http://npm-registry.qunhequnhe.com/shebang-regex/download/shebang-regex-3.0.0.tgz#ae16f1644d873ecad843b0307b143362d4c42172"
  integrity sha1-rhbxZE2HPsrYQ7AwexQzYtTEIXI=

signal-exit@^3.0.3:
  version "3.0.3"
  resolved "http://npm-registry.qunhequnhe.com/signal-exit/download/signal-exit-3.0.3.tgz#a1410c2edd8f077b08b4e253c8eacfcaf057461c"
  integrity sha1-oUEMLt2PB3sItOJTyOrPyvBXRhw=

source-list-map@^2.0.1:
  version "2.0.1"
  resolved "http://npm-registry.qunhequnhe.com/source-list-map/download/source-list-map-2.0.1.tgz#3993bd873bfc48479cca9ea3a547835c7c154b34"
  integrity sha1-OZO9hzv8SEecyp6jpUeDXHwVSzQ=

source-map-support@~0.5.19:
  version "0.5.19"
  resolved "http://npm-registry.qunhequnhe.com/source-map-support/download/source-map-support-0.5.19.tgz#a98b62f86dcaf4f67399648c085291ab9e8fed61"
  integrity sha1-qYti+G3K9PZzmWSMCFKRq56P7WE=
  dependencies:
    buffer-from "^1.0.0"
    source-map "^0.6.0"

source-map@^0.6.0, source-map@^0.6.1:
  version "0.6.1"
  resolved "http://npm-registry.qunhequnhe.com/source-map/download/source-map-0.6.1.tgz#74722af32e9614e9c287a8d0bbde48b5e2f1a263"
  integrity sha1-dHIq8y6WFOnCh6jQu95IteLxomM=

source-map@~0.7.2:
  version "0.7.3"
  resolved "http://npm-registry.qunhequnhe.com/source-map/download/source-map-0.7.3.tgz#5302f8169031735226544092e64981f751750383"
  integrity sha1-UwL4FpAxc1ImVECS5kmB91F1A4M=

strip-final-newline@^2.0.0:
  version "2.0.0"
  resolved "http://npm-registry.qunhequnhe.com/strip-final-newline/download/strip-final-newline-2.0.0.tgz#89b852fb2fcbe936f6f4b3187afb0a12c1ab58ad"
  integrity sha1-ibhS+y/L6Tb29LMYevsKEsGrWK0=

supports-color@^7.1.0:
  version "7.2.0"
  resolved "http://npm-registry.qunhequnhe.com/supports-color/download/supports-color-7.2.0.tgz#1b7dcdcb32b8138801b3e478ba6a51caa89648da"
  integrity sha1-G33NyzK4E4gBs+R4umpRyqiWSNo=
  dependencies:
    has-flag "^4.0.0"

supports-color@^8.0.0:
  version "8.1.1"
  resolved "http://npm-registry.qunhequnhe.com/supports-color/download/supports-color-8.1.1.tgz#cd6fc17e28500cff56c1b86c0a7fd4a54a73005c"
  integrity sha1-zW/BfihQDP9WwbhsCn/UpUpzAFw=
  dependencies:
    has-flag "^4.0.0"

tapable@^2.1.1, tapable@^2.2.0:
  version "2.2.0"
  resolved "http://npm-registry.qunhequnhe.com/tapable/download/tapable-2.2.0.tgz#5c373d281d9c672848213d0e037d1c4165ab426b"
  integrity sha1-XDc9KB2cZyhIIT0OA30cQWWrQms=

terser-webpack-plugin@^5.1.3:
  version "5.1.3"
  resolved "http://npm-registry.qunhequnhe.com/terser-webpack-plugin/download/terser-webpack-plugin-5.1.3.tgz#30033e955ca28b55664f1e4b30a1347e61aa23af"
  integrity sha1-MAM+lVyii1VmTx5LMKE0fmGqI68=
  dependencies:
    jest-worker "^27.0.2"
    p-limit "^3.1.0"
    schema-utils "^3.0.0"
    serialize-javascript "^5.0.1"
    source-map "^0.6.1"
    terser "^5.7.0"

terser@^5.7.0:
  version "5.7.0"
  resolved "http://npm-registry.qunhequnhe.com/terser/download/terser-5.7.0.tgz#a761eeec206bc87b605ab13029876ead938ae693"
  integrity sha1-p2Hu7CBryHtgWrEwKYdurZOK5pM=
  dependencies:
    commander "^2.20.0"
    source-map "~0.7.2"
    source-map-support "~0.5.19"

to-regex-range@^5.0.1:
  version "5.0.1"
  resolved "http://npm-registry.qunhequnhe.com/to-regex-range/download/to-regex-range-5.0.1.tgz#1648c44aae7c8d988a326018ed72f5b4dd0392e4"
  integrity sha1-FkjESq58jZiKMmAY7XL1tN0DkuQ=
  dependencies:
    is-number "^7.0.0"

ts-loader@^9.2.3:
  version "9.2.3"
  resolved "http://npm-registry.qunhequnhe.com/ts-loader/download/ts-loader-9.2.3.tgz#dc3b6362a4d4382493cd4f138d345f419656de68"
  integrity sha1-3DtjYqTUOCSTzU8TjTRfQZZW3mg=
  dependencies:
    chalk "^4.1.0"
    enhanced-resolve "^5.0.0"
    micromatch "^4.0.0"
    semver "^7.3.4"

typescript@^4.3.4:
  version "4.3.4"
  resolved "http://npm-registry.qunhequnhe.com/typescript/download/typescript-4.3.4.tgz#3f85b986945bcf31071decdd96cf8bfa65f9dcbc"
  integrity sha1-P4W5hpRbzzEHHezdls+L+mX53Lw=

uri-js@^4.2.2:
  version "4.4.1"
  resolved "http://npm-registry.qunhequnhe.com/uri-js/download/uri-js-4.4.1.tgz#9b1a52595225859e55f669d928f88c6c57f2a77e"
  integrity sha1-mxpSWVIlhZ5V9mnZKPiMbFfyp34=
  dependencies:
    punycode "^2.1.0"

util@^0.10.3:
  version "0.10.4"
  resolved "http://npm-registry.qunhequnhe.com/util/download/util-0.10.4.tgz#3aa0125bfe668a4672de58857d3ace27ecb76901"
  integrity sha1-OqASW/5mikZy3liFfTrOJ+y3aQE=
  dependencies:
    inherits "2.0.3"

v8-compile-cache@^2.2.0:
  version "2.3.0"
  resolved "http://npm-registry.qunhequnhe.com/v8-compile-cache/download/v8-compile-cache-2.3.0.tgz#2de19618c66dc247dcfb6f99338035d8245a2cee"
  integrity sha1-LeGWGMZtwkfc+2+ZM4A12CRaLO4=

watchpack@^2.2.0:
  version "2.2.0"
  resolved "http://npm-registry.qunhequnhe.com/watchpack/download/watchpack-2.2.0.tgz#47d78f5415fe550ecd740f99fe2882323a58b1ce"
  integrity sha1-R9ePVBX+VQ7NdA+Z/iiCMjpYsc4=
  dependencies:
    glob-to-regexp "^0.4.1"
    graceful-fs "^4.1.2"

webpack-cli@^4.7.2:
  version "4.7.2"
  resolved "http://npm-registry.qunhequnhe.com/webpack-cli/download/webpack-cli-4.7.2.tgz#a718db600de6d3906a4357e059ae584a89f4c1a5"
  integrity sha1-pxjbYA3m05BqQ1fgWa5YSon0waU=
  dependencies:
    "@discoveryjs/json-ext" "^0.5.0"
    "@webpack-cli/configtest" "^1.0.4"
    "@webpack-cli/info" "^1.3.0"
    "@webpack-cli/serve" "^1.5.1"
    colorette "^1.2.1"
    commander "^7.0.0"
    execa "^5.0.0"
    fastest-levenshtein "^1.0.12"
    import-local "^3.0.2"
    interpret "^2.2.0"
    rechoir "^0.7.0"
    v8-compile-cache "^2.2.0"
    webpack-merge "^5.7.3"

webpack-merge@^5.7.3:
  version "5.8.0"
  resolved "http://npm-registry.qunhequnhe.com/webpack-merge/download/webpack-merge-5.8.0.tgz#2b39dbf22af87776ad744c390223731d30a68f61"
  integrity sha1-Kznb8ir4d3atdEw5AiNzHTCmj2E=
  dependencies:
    clone-deep "^4.0.1"
    wildcard "^2.0.0"

webpack-sources@^2.3.0:
  version "2.3.0"
  resolved "http://npm-registry.qunhequnhe.com/webpack-sources/download/webpack-sources-2.3.0.tgz#9ed2de69b25143a4c18847586ad9eccb19278cfa"
  integrity sha1-ntLeabJRQ6TBiEdYatnsyxknjPo=
  dependencies:
    source-list-map "^2.0.1"
    source-map "^0.6.1"

webpack@^5.40.0:
  version "5.40.0"
  resolved "http://npm-registry.qunhequnhe.com/webpack/download/webpack-5.40.0.tgz#3182cfd324759d715252cf541901a226e57b5061"
  integrity sha1-MYLP0yR1nXFSUs9UGQGiJuV7UGE=
  dependencies:
    "@types/eslint-scope" "^3.7.0"
    "@types/estree" "^0.0.47"
    "@webassemblyjs/ast" "1.11.0"
    "@webassemblyjs/wasm-edit" "1.11.0"
    "@webassemblyjs/wasm-parser" "1.11.0"
    acorn "^8.2.1"
    browserslist "^4.14.5"
    chrome-trace-event "^1.0.2"
    enhanced-resolve "^5.8.0"
    es-module-lexer "^0.6.0"
    eslint-scope "5.1.1"
    events "^3.2.0"
    glob-to-regexp "^0.4.1"
    graceful-fs "^4.2.4"
    json-parse-better-errors "^1.0.2"
    loader-runner "^4.2.0"
    mime-types "^2.1.27"
    neo-async "^2.6.2"
    schema-utils "^3.0.0"
    tapable "^2.1.1"
    terser-webpack-plugin "^5.1.3"
    watchpack "^2.2.0"
    webpack-sources "^2.3.0"

which@^2.0.1:
  version "2.0.2"
  resolved "http://npm-registry.qunhequnhe.com/which/download/which-2.0.2.tgz#7c6a8dd0a636a0327e10b59c9286eee93f3f51b1"
  integrity sha1-fGqN0KY2oDJ+ELWckobu6T8/UbE=
  dependencies:
    isexe "^2.0.0"

wildcard@^2.0.0:
  version "2.0.0"
  resolved "http://npm-registry.qunhequnhe.com/wildcard/download/wildcard-2.0.0.tgz#a77d20e5200c6faaac979e4b3aadc7b3dd7f8fec"
  integrity sha1-p30g5SAMb6qsl55LOq3Hs91/j+w=

yallist@^4.0.0:
  version "4.0.0"
  resolved "http://npm-registry.qunhequnhe.com/yallist/download/yallist-4.0.0.tgz#9bb92790d9c0effec63be73519e11a35019a3a72"
  integrity sha1-m7knkNnA7/7GO+c1GeEaNQGaOnI=

yocto-queue@^0.1.0:
  version "0.1.0"
  resolved "http://npm-registry.qunhequnhe.com/yocto-queue/download/yocto-queue-0.1.0.tgz#0294eb3dee05028d31ee1a5fa2c556a6aaf10a1b"
  integrity sha1-ApTrPe4FAo0x7hpfosVWpqrxChs=
